
Microsoft Visual Studio Solution File, Format Version 12.00
# Visual Studio Version 16
VisualStudioVersion = 16.0.30717.126
MinimumVisualStudioVersion = 15.0.26124.0
Project("{9A19103F-16F7-4668-BE54-9A1E7A4F7556}") = "utests", "..\..\backend-old\utests\utests.csproj", "{6162948E-3B1C-473A-A335-9637D7957C76}"
EndProject
Project("{9A19103F-16F7-4668-BE54-9A1E7A4F7556}") = "data", "data\data.csproj", "{FC428E16-7994-4E54-A9BF-CDA7B045AD62}"
EndProject
Project("{9A19103F-16F7-4668-BE54-9A1E7A4F7556}") = "business", "business\business.csproj", "{6AC64D86-53BF-49B4-87DB-379146444F3F}"
EndProject
Global
	GlobalSection(SolutionConfigurationPlatforms) = preSolution
		Debug|Any CPU = Debug|Any CPU
		Release|Any CPU = Release|Any CPU
	EndGlobalSection
	GlobalSection(ProjectConfigurationPlatforms) = postSolution
		{6162948E-3B1C-473A-A335-9637D7957C76}.Debug|Any CPU.ActiveCfg = Debug|Any CPU
		{6162948E-3B1C-473A-A335-9637D7957C76}.Debug|Any CPU.Build.0 = Debug|Any CPU
		{6162948E-3B1C-473A-A335-9637D7957C76}.Release|Any CPU.ActiveCfg = Release|Any CPU
		{6162948E-3B1C-473A-A335-9637D7957C76}.Release|Any CPU.Build.0 = Release|Any CPU
		{FC428E16-7994-4E54-A9BF-CDA7B045AD62}.Debug|Any CPU.ActiveCfg = Debug|Any CPU
		{FC428E16-7994-4E54-A9BF-CDA7B045AD62}.Debug|Any CPU.Build.0 = Debug|Any CPU
		{FC428E16-7994-4E54-A9BF-CDA7B045AD62}.Release|Any CPU.ActiveCfg = Release|Any CPU
		{FC428E16-7994-4E54-A9BF-CDA7B045AD62}.Release|Any CPU.Build.0 = Release|Any CPU
		{6AC64D86-53BF-49B4-87DB-379146444F3F}.Debug|Any CPU.ActiveCfg = Debug|Any CPU
		{6AC64D86-53BF-49B4-87DB-379146444F3F}.Debug|Any CPU.Build.0 = Debug|Any CPU
		{6AC64D86-53BF-49B4-87DB-379146444F3F}.Release|Any CPU.ActiveCfg = Release|Any CPU
		{6AC64D86-53BF-49B4-87DB-379146444F3F}.Release|Any CPU.Build.0 = Release|Any CPU
	EndGlobalSection
	GlobalSection(SolutionProperties) = preSolution
		HideSolutionNode = FALSE
	EndGlobalSection
	GlobalSection(ExtensibilityGlobals) = postSolution
		SolutionGuid = {C42F34F8-7611-4115-A79E-4F1CCBE7F203}
	EndGlobalSection
EndGlobal
